// !$*UTF8*$!
{
	archiveVersion = 1;
	classes = {
	};
	objectVersion = 50;
	objects = {

/* Begin PBXBuildFile section */
		2B3CFC5E216D168600BC8A05 /* AppDelegate.swift in Sources */ = {isa = PBXBuildFile; fileRef = 2B3CFC5D216D168600BC8A05 /* AppDelegate.swift */; };
		2B3CFC60216D168600BC8A05 /* ViewController.swift in Sources */ = {isa = PBXBuildFile; fileRef = 2B3CFC5F216D168600BC8A05 /* ViewController.swift */; };
		2B3CFC63216D168600BC8A05 /* Main.storyboard in Resources */ = {isa = PBXBuildFile; fileRef = 2B3CFC61216D168600BC8A05 /* Main.storyboard */; };
		2B3CFC66216D168600BC8A05 /* What_sApp.xcdatamodeld in Sources */ = {isa = PBXBuildFile; fileRef = 2B3CFC64216D168600BC8A05 /* What_sApp.xcdatamodeld */; };
		2B3CFC68216D168800BC8A05 /* Assets.xcassets in Resources */ = {isa = PBXBuildFile; fileRef = 2B3CFC67216D168800BC8A05 /* Assets.xcassets */; };
		2B3CFC6B216D168800BC8A05 /* LaunchScreen.storyboard in Resources */ = {isa = PBXBuildFile; fileRef = 2B3CFC69216D168800BC8A05 /* LaunchScreen.storyboard */; };
/* End PBXBuildFile section */

/* Begin PBXFileReference section */
		2B3CFC5A216D168600BC8A05 /* What'sApp.app */ = {isa = PBXFileReference; explicitFileType = wrapper.application; includeInIndex = 0; path = "What'sApp.app"; sourceTree = BUILT_PRODUCTS_DIR; };
		2B3CFC5D216D168600BC8A05 /* AppDelegate.swift */ = {isa = PBXFileReference; lastKnownFileType = sourcecode.swift; path = AppDelegate.swift; sourceTree = "<group>"; };
		2B3CFC5F216D168600BC8A05 /* ViewController.swift */ = {isa = PBXFileReference; lastKnownFileType = sourcecode.swift; path = ViewController.swift; sourceTree = "<group>"; };
		2B3CFC62216D168600BC8A05 /* Base */ = {isa = PBXFileReference; lastKnownFileType = file.storyboard; name = Base; path = Base.lproj/Main.storyboard; sourceTree = "<group>"; };
		2B3CFC65216D168600BC8A05 /* What_sApp.xcdatamodel */ = {isa = PBXFileReference; lastKnownFileType = wrapper.xcdatamodel; path = What_sApp.xcdatamodel; sourceTree = "<group>"; };
		2B3CFC67216D168800BC8A05 /* Assets.xcassets */ = {isa = PBXFileReference; lastKnownFileType = folder.assetcatalog; path = Assets.xcassets; sourceTree = "<group>"; };
		2B3CFC6A216D168800BC8A05 /* Base */ = {isa = PBXFileReference; lastKnownFileType = file.storyboard; name = Base; path = Base.lproj/LaunchScreen.storyboard; sourceTree = "<group>"; };
		2B3CFC6C216D168800BC8A05 /* Info.plist */ = {isa = PBXFileReference; lastKnownFileType = text.plist.xml; path = Info.plist; sourceTree = "<group>"; };
/* End PBXFileReference section */

/* Begin PBXFrameworksBuildPhase section */
		2B3CFC57216D168600BC8A05 /* Frameworks */ = {
			isa = PBXFrameworksBuildPhase;
			buildActionMask = 2147483647;
			files = (
			);
			runOnlyForDeploymentPostprocessing = 0;
		};
/* End PBXFrameworksBuildPhase section */

/* Begin PBXGroup section */
		2B3CFC51216D168600BC8A05 = {
			isa = PBXGroup;
			children = (
				2B3CFC5C216D168600BC8A05 /* What'sApp */,
				2B3CFC5B216D168600BC8A05 /* Products */,
			);
			sourceTree = "<group>";
		};
		2B3CFC5B216D168600BC8A05 /* Products */ = {
			isa = PBXGroup;
			children = (
				2B3CFC5A216D168600BC8A05 /* What'sApp.app */,
			);
			name = Products;
			sourceTree = "<group>";
		};
		2B3CFC5C216D168600BC8A05 /* What'sApp */ = {
			isa = PBXGroup;
			children = (
				2B3CFC5F216D168600BC8A05 /* ViewController.swift */,
				2B3CFC61216D168600BC8A05 /* Main.storyboard */,
				2B3CFC6C216D168800BC8A05 /* Info.plist */,
				2B3CFC72216D16A600BC8A05 /* Option Files */,
				2B3CFC64216D168600BC8A05 /* What_sApp.xcdatamodeld */,
			);
			path = "What'sApp";
			sourceTree = "<group>";
		};
		2B3CFC72216D16A600BC8A05 /* Option Files */ = {
			isa = PBXGroup;
			children = (
				2B3CFC5D216D168600BC8A05 /* AppDelegate.swift */,
				2B3CFC67216D168800BC8A05 /* Assets.xcassets */,
				2B3CFC69216D168800BC8A05 /* LaunchScreen.storyboard */,
			);
			path = "Option Files";
			sourceTree = "<group>";
		};
/* End PBXGroup section */

/* Begin PBXNativeTarget section */
		2B3CFC59216D168600BC8A05 /* What'sApp */ = {
			isa = PBXNativeTarget;
			buildConfigurationList = 2B3CFC6F216D168800BC8A05 /* Build configuration list for PBXNativeTarget "What'sApp" */;
			buildPhases = (
				2B3CFC56216D168600BC8A05 /* Sources */,
				2B3CFC57216D168600BC8A05 /* Frameworks */,
				2B3CFC58216D168600BC8A05 /* Resources */,
			);
			buildRules = (
			);
			dependencies = (
			);
			name = "What'sApp";
			productName = "What'sApp";
			productReference = 2B3CFC5A216D168600BC8A05 /* What'sApp.app */;
			productType = "com.apple.product-type.application";
		};
/* End PBXNativeTarget section */

/* Begin PBXProject section */
		2B3CFC52216D168600BC8A05 /* Project object */ = {
			isa = PBXProject;
			attributes = {
				LastSwiftUpdateCheck = 1000;
				LastUpgradeCheck = 1000;
				ORGANIZATIONNAME = Abdo;
				TargetAttributes = {
					2B3CFC59216D168600BC8A05 = {
						CreatedOnToolsVersion = 10.0;
					};
				};
			};
			buildConfigurationList = 2B3CFC55216D168600BC8A05 /* Build configuration list for PBXProject "What'sApp" */;
			compatibilityVersion = "Xcode 9.3";
			developmentRegion = en;
			hasScannedForEncodings = 0;
			knownRegions = (
				en,
				Base,
			);
			mainGroup = 2B3CFC51216D168600BC8A05;
			productRefGroup = 2B3CFC5B216D168600BC8A05 /* Products */;
			projectDirPath = "";
			projectRoot = "";
			targets = (
				2B3CFC59216D168600BC8A05 /* What'sApp */,
			);
		};
/* End PBXProject section */

/* Begin PBXResourcesBuildPhase section */
		2B3CFC58216D168600BC8A05 /* Resources */ = {
			isa = PBXResourcesBuildPhase;
			buildActionMask = 2147483647;
			files = (
				2B3CFC6B216D168800BC8A05 /* LaunchScreen.storyboard in Resources */,
				2B3CFC68216D168800BC8A05 /* Assets.xcassets in Resources */,
				2B3CFC63216D168600BC8A05 /* Main.storyboard in Resources */,
			);
			runOnlyForDeploymentPostprocessing = 0;
		};
/* End PBXResourcesBuildPhase section */

/* Begin PBXSourcesBuildPhase section */
		2B3CFC56216D168600BC8A05 /* Sources */ = {
			isa = PBXSourcesBuildPhase;
			buildActionMask = 2147483647;
			files = (
				2B3CFC60216D168600BC8A05 /* ViewController.swift in Sources */,
				2B3CFC5E216D168600BC8A05 /* AppDelegate.swift in Sources */,
				2B3CFC66216D168600BC8A05 /* What_sApp.xcdatamodeld in Sources */,
			);
			runOnlyForDeploymentPostprocessing = 0;
		};
/* End PBXSourcesBuildPhase section */

/* Begin PBXVariantGroup section */
		2B3CFC61216D168600BC8A05 /* Main.storyboard */ = {
			isa = PBXVariantGroup;
			children = (
				2B3CFC62216D168600BC8A05 /* Base */,
			);
			name = Main.storyboard;
			sourceTree = "<group>";
		};
		2B3CFC69216D168800BC8A05 /* LaunchScreen.storyboard */ = {
			isa = PBXVariantGroup;
			children = (
				2B3CFC6A216D168800BC8A05 /* Base */,
			);
			name = LaunchScreen.storyboard;
			sourceTree = "<group>";
		};
/* End PBXVariantGroup section */

/* Begin XCBuildConfiguration section */
		2B3CFC6D216D168800BC8A05 /* Debug */ = {
			isa = XCBuildConfiguration;
			buildSettings = {
				ALWAYS_SEARCH_USER_PATHS = NO;
				CLANG_ANALYZER_NONNULL = YES;
				CLANG_ANALYZER_NUMBER_OBJECT_CONVERSION = YES_AGGRESSIVE;
				CLANG_CXX_LANGUAGE_STANDARD = "gnu++14";
				CLANG_CXX_LIBRARY = "libc++";
				CLANG_ENABLE_MODULES = YES;
				CLANG_ENABLE_OBJC_ARC = YES;
				CLANG_ENABLE_OBJC_WEAK = YES;
				CLANG_WARN_BLOCK_CAPTURE_AUTORELEASING = YES;
				CLANG_WARN_BOOL_CONVERSION = YES;
				CLANG_WARN_COMMA = YES;
				CLANG_WARN_CONSTANT_CONVERSION = YES;
				CLANG_WARN_DEPRECATED_OBJC_IMPLEMENTATIONS = YES;
				CLANG_WARN_DIRECT_OBJC_ISA_USAGE = YES_ERROR;
				CLANG_WARN_DOCUMENTATION_COMMENTS = YES;
				CLANG_WARN_EMPTY_BODY = YES;
				CLANG_WARN_ENUM_CONVERSION = YES;
				CLANG_WARN_INFINITE_RECURSION = YES;
				CLANG_WARN_INT_CONVERSION = YES;
				CLANG_WARN_NON_LITERAL_NULL_CONVERSION = YES;
				CLANG_WARN_OBJC_IMPLICIT_RETAIN_SELF = YES;
				CLANG_WARN_OBJC_LITERAL_CONVERSION = YES;
				CLANG_WARN_OBJC_ROOT_CLASS = YES_ERROR;
				CLANG_WARN_RANGE_LOOP_ANALYSIS = YES;
				CLANG_WARN_STRICT_PROTOTYPES = YES;
				CLANG_WARN_SUSPICIOUS_MOVE = YES;
				CLANG_WARN_UNGUARDED_AVAILABILITY = YES_AGGRESSIVE;
				CLANG_WARN_UNREACHABLE_CODE = YES;
				CLANG_WARN__DUPLICATE_METHOD_MATCH = YES;
				CODE_SIGN_IDENTITY = "iPhone Developer";
				COPY_PHASE_STRIP = NO;
				DEBUG_INFORMATION_FORMAT = dwarf;
				ENABLE_STRICT_OBJC_MSGSEND = YES;
				ENABLE_TESTABILITY = YES;
				GCC_C_LANGUAGE_STANDARD = gnu11;
				GCC_DYNAMIC_NO_PIC = NO;
				GCC_NO_COMMON_BLOCKS = YES;
				GCC_OPTIMIZATION_LEVEL = 0;
				GCC_PREPROCESSOR_DEFINITIONS = (
					"DEBUG=1",
					"$(inherited)",
				);
				GCC_WARN_64_TO_32_BIT_CONVERSION = YES;
				GCC_WARN_ABOUT_RETURN_TYPE = YES_ERROR;
				GCC_WARN_UNDECLARED_SELECTOR = YES;
				GCC_WARN_UNINITIALIZED_AUTOS = YES_AGGRESSIVE;
				GCC_WARN_UNUSED_FUNCTION = YES;
				GCC_WARN_UNUSED_VARIABLE = YES;
				IPHONEOS_DEPLOYMENT_TARGET = 12.0;
				MTL_ENABLE_DEBUG_INFO = INCLUDE_SOURCE;
				MTL_FAST_MATH = YES;
				ONLY_ACTIVE_ARCH = YES;
				SDKROOT = iphoneos;
				SWIFT_ACTIVE_COMPILATION_CONDITIONS = DEBUG;
				SWIFT_OPTIMIZATION_LEVEL = "-Onone";
			};
			name = Debug;
		};
		2B3CFC6E216D168800BC8A05 /* Release */ = {
			isa = XCBuildConfiguration;
			buildSettings = {
				ALWAYS_SEARCH_USER_PATHS = NO;
				CLANG_ANALYZER_NONNULL = YES;
				CLANG_ANALYZER_NUMBER_OBJECT_CONVERSION = YES_AGGRESSIVE;
				CLANG_CXX_LANGUAGE_STANDARD = "gnu++14";
				CLANG_CXX_LIBRARY = "libc++";
				CLANG_ENABLE_MODULES = YES;
				CLANG_ENABLE_OBJC_ARC = YES;
				CLANG_ENABLE_OBJC_WEAK = YES;
				CLANG_WARN_BLOCK_CAPTURE_AUTORELEASING = YES;
				CLANG_WARN_BOOL_CONVERSION = YES;
				CLANG_WARN_COMMA = YES;
				CLANG_WARN_CONSTANT_CONVERSION = YES;
				CLANG_WARN_DEPRECATED_OBJC_IMPLEMENTATIONS = YES;
				CLANG_WARN_DIRECT_OBJC_ISA_USAGE = YES_ERROR;
				CLANG_WARN_DOCUMENTATION_COMMENTS = YES;
				CLANG_WARN_EMPTY_BODY = YES;
				CLANG_WARN_ENUM_CONVERSION = YES;
				CLANG_WARN_INFINITE_RECURSION = YES;
				CLANG_WARN_INT_CONVERSION = YES;
				CLANG_WARN_NON_LITERAL_NULL_CONVERSION = YES;
				CLANG_WARN_OBJC_IMPLICIT_RETAIN_SELF = YES;
				CLANG_WARN_OBJC_LITERAL_CONVERSION = YES;
				CLANG_WARN_OBJC_ROOT_CLASS = YES_ERROR;
				CLANG_WARN_RANGE_LOOP_ANALYSIS = YES;
				CLANG_WARN_STRICT_PROTOTYPES = YES;
				CLANG_WARN_SUSPICIOUS_MOVE = YES;
				CLANG_WARN_UNGUARDED_AVAILABILITY = YES_AGGRESSIVE;
				CLANG_WARN_UNREACHABLE_CODE = YES;
				CLANG_WARN__DUPLICATE_METHOD_MATCH = YES;
				CODE_SIGN_IDENTITY = "iPhone Developer";
				COPY_PHASE_STRIP = NO;
				DEBUG_INFORMATION_FORMAT = "dwarf-with-dsym";
				ENABLE_NS_ASSERTIONS = NO;
				ENABLE_STRICT_OBJC_MSGSEND = YES;
				GCC_C_LANGUAGE_STANDARD = gnu11;
				GCC_NO_COMMON_BLOCKS = YES;
				GCC_WARN_64_TO_32_BIT_CONVERSION = YES;
				GCC_WARN_ABOUT_RETURN_TYPE = YES_ERROR;
				GCC_WARN_UNDECLARED_SELECTOR = YES;
				GCC_WARN_UNINITIALIZED_AUTOS = YES_AGGRESSIVE;
				GCC_WARN_UNUSED_FUNCTION = YES;
				GCC_WARN_UNUSED_VARIABLE = YES;
				IPHONEOS_DEPLOYMENT_TARGET = 12.0;
				MTL_ENABLE_DEBUG_INFO = NO;
				MTL_FAST_MATH = YES;
				SDKROOT = iphoneos;
				SWIFT_COMPILATION_MODE = wholemodule;
				SWIFT_OPTIMIZATION_LEVEL = "-O";
				VALIDATE_PRODUCT = YES;
			};
			name = Release;
		};
		2B3CFC70216D168800BC8A05 /* Debug */ = {
			isa = XCBuildConfiguration;
			buildSettings = {
				ASSETCATALOG_COMPILER_APPICON_NAME = AppIcon;
				CODE_SIGN_STYLE = Automatic;
				DEVELOPMENT_TEAM = 3DT9BA7264;
				INFOPLIST_FILE = "What'sApp/Info.plist";
				LD_RUNPATH_SEARCH_PATHS = (
					"$(inherited)",
					"@executable_path/Frameworks",
				);
				PRODUCT_BUNDLE_IDENTIFIER = "Abdulrahman.What-sApp";
				PRODUCT_NAME = "$(TARGET_NAME)";
				SWIFT_VERSION = 4.2;
				TARGETED_DEVICE_FAMILY = "1,2";
			};
			name = Debug;
		};
		2B3CFC71216D168800BC8A05 /* Release */ = {
			isa = XCBuildConfiguration;
			buildSettings = {
				ASSETCATALOG_COMPILER_APPICON_NAME = AppIcon;
				CODE_SIGN_STYLE = Automatic;
				DEVELOPMENT_TEAM = 3DT9BA7264;
				INFOPLIST_FILE = "What'sApp/Info.plist";
				LD_RUNPATH_SEARCH_PATHS = (
					"$(inherited)",
					"@executable_path/Frameworks",
				);
				PRODUCT_BUNDLE_IDENTIFIER = "Abdulrahman.What-sApp";
				PRODUCT_NAME = "$(TARGET_NAME)";
				SWIFT_VERSION = 4.2;
				TARGETED_DEVICE_FAMILY = "1,2";
			};
			name = Release;
		};
/* End XCBuildConfiguration section */

/* Begin XCConfigurationList section */
		2B3CFC55216D168600BC8A05 /* Build configuration list for PBXProject "What'sApp" */ = {
			isa = XCConfigurationList;
			buildConfigurations = (
				2B3CFC6D216D168800BC8A05 /* Debug */,
				2B3CFC6E216D168800BC8A05 /* Release */,
			);
			defaultConfigurationIsVisible = 0;
			defaultConfigurationName = Release;
		};
		2B3CFC6F216D168800BC8A05 /* Build configuration list for PBXNativeTarget "What'sApp" */ = {
			isa = XCConfigurationList;
			buildConfigurations = (
				2B3CFC70216D168800BC8A05 /* Debug */,
				2B3CFC71216D168800BC8A05 /* Release */,
			);
			defaultConfigurationIsVisible = 0;
			defaultConfigurationName = Release;
		};
/* End XCConfigurationList section */

/* Begin XCVersionGroup section */
		2B3CFC64216D168600BC8A05 /* What_sApp.xcdatamodeld */ = {
			isa = XCVersionGroup;
			children = (
				2B3CFC65216D168600BC8A05 /* What_sApp.xcdatamodel */,
			);
			currentVersion = 2B3CFC65216D168600BC8A05 /* What_sApp.xcdatamodel */;
			path = What_sApp.xcdatamodeld;
			sourceTree = "<group>";
			versionGroupType = wrapper.xcdatamodel;
		};
/* End XCVersionGroup section */
	};
	rootObject = 2B3CFC52216D168600BC8A05 /* Project object */;
}
